
Microsoft Visual Studio Solution File, Format Version 12.00
Project("{2150E333-8FDC-42A3-9474-1A3956D46DE8}") = "src", "src", "{827E0CD3-B72D-47B6-A68D-7590B98EB39B}"
EndProject
Project("{FAE04EC0-301F-11D3-BF4B-00C04F79EFBC}") = "JukeBot.Core", "src\JukeBot.Core\JukeBot.Core.csproj", "{FFDAEC16-201B-48B9-A665-4EAF9A6BF3D7}"
EndProject
Project("{FAE04EC0-301F-11D3-BF4B-00C04F79EFBC}") = "JukeBot.Tui", "src\JukeBot.Tui\JukeBot.Tui.csproj", "{66B3BBF8-B94F-46C1-895C-A9F1EB84D44A}"
EndProject
Project("{FAE04EC0-301F-11D3-BF4B-00C04F79EFBC}") = "JukeBot.Cli", "src\JukeBot.Cli\JukeBot.Cli.csproj", "{BEDE6B79-5147-4258-A350-13552B7C30E0}"
EndProject
Project("{2150E333-8FDC-42A3-9474-1A3956D46DE8}") = "tests", "tests", "{0AB3BF05-4346-4AA6-1389-037BE0695223}"
EndProject
Project("{FAE04EC0-301F-11D3-BF4B-00C04F79EFBC}") = "JukeBot.Tests", "tests\JukeBot.Tests\JukeBot.Tests.csproj", "{7E9131B1-800F-4759-8B98-514DDBDFA9A3}"
EndProject
Global
	GlobalSection(SolutionConfigurationPlatforms) = preSolution
		Debug|Any CPU = Debug|Any CPU
		Debug|x64 = Debug|x64
		Debug|x86 = Debug|x86
		Release|Any CPU = Release|Any CPU
		Release|x64 = Release|x64
		Release|x86 = Release|x86
	EndGlobalSection
	GlobalSection(ProjectConfigurationPlatforms) = postSolution
		{FFDAEC16-201B-48B9-A665-4EAF9A6BF3D7}.Debug|Any CPU.ActiveCfg = Debug|Any CPU
		{FFDAEC16-201B-48B9-A665-4EAF9A6BF3D7}.Debug|Any CPU.Build.0 = Debug|Any CPU
		{FFDAEC16-201B-48B9-A665-4EAF9A6BF3D7}.Debug|x64.ActiveCfg = Debug|Any CPU
		{FFDAEC16-201B-48B9-A665-4EAF9A6BF3D7}.Debug|x64.Build.0 = Debug|Any CPU
		{FFDAEC16-201B-48B9-A665-4EAF9A6BF3D7}.Debug|x86.ActiveCfg = Debug|Any CPU
		{FFDAEC16-201B-48B9-A665-4EAF9A6BF3D7}.Debug|x86.Build.0 = Debug|Any CPU
		{FFDAEC16-201B-48B9-A665-4EAF9A6BF3D7}.Release|Any CPU.ActiveCfg = Release|Any CPU
		{FFDAEC16-201B-48B9-A665-4EAF9A6BF3D7}.Release|Any CPU.Build.0 = Release|Any CPU
		{FFDAEC16-201B-48B9-A665-4EAF9A6BF3D7}.Release|x64.ActiveCfg = Release|Any CPU
		{FFDAEC16-201B-48B9-A665-4EAF9A6BF3D7}.Release|x64.Build.0 = Release|Any CPU
		{FFDAEC16-201B-48B9-A665-4EAF9A6BF3D7}.Release|x86.ActiveCfg = Release|Any CPU
		{FFDAEC16-201B-48B9-A665-4EAF9A6BF3D7}.Release|x86.Build.0 = Release|Any CPU
		{66B3BBF8-B94F-46C1-895C-A9F1EB84D44A}.Debug|Any CPU.ActiveCfg = Debug|Any CPU
		{66B3BBF8-B94F-46C1-895C-A9F1EB84D44A}.Debug|Any CPU.Build.0 = Debug|Any CPU
		{66B3BBF8-B94F-46C1-895C-A9F1EB84D44A}.Debug|x64.ActiveCfg = Debug|Any CPU
		{66B3BBF8-B94F-46C1-895C-A9F1EB84D44A}.Debug|x64.Build.0 = Debug|Any CPU
		{66B3BBF8-B94F-46C1-895C-A9F1EB84D44A}.Debug|x86.ActiveCfg = Debug|Any CPU
		{66B3BBF8-B94F-46C1-895C-A9F1EB84D44A}.Debug|x86.Build.0 = Debug|Any CPU
		{66B3BBF8-B94F-46C1-895C-A9F1EB84D44A}.Release|Any CPU.ActiveCfg = Release|Any CPU
		{66B3BBF8-B94F-46C1-895C-A9F1EB84D44A}.Release|Any CPU.Build.0 = Release|Any CPU
		{66B3BBF8-B94F-46C1-895C-A9F1EB84D44A}.Release|x64.ActiveCfg = Release|Any CPU
		{66B3BBF8-B94F-46C1-895C-A9F1EB84D44A}.Release|x64.Build.0 = Release|Any CPU
		{66B3BBF8-B94F-46C1-895C-A9F1EB84D44A}.Release|x86.ActiveCfg = Release|Any CPU
		{66B3BBF8-B94F-46C1-895C-A9F1EB84D44A}.Release|x86.Build.0 = Release|Any CPU
		{BEDE6B79-5147-4258-A350-13552B7C30E0}.Debug|Any CPU.ActiveCfg = Debug|Any CPU
		{BEDE6B79-5147-4258-A350-13552B7C30E0}.Debug|Any CPU.Build.0 = Debug|Any CPU
		{BEDE6B79-5147-4258-A350-13552B7C30E0}.Debug|x64.ActiveCfg = Debug|Any CPU
		{BEDE6B79-5147-4258-A350-13552B7C30E0}.Debug|x64.Build.0 = Debug|Any CPU
		{BEDE6B79-5147-4258-A350-13552B7C30E0}.Debug|x86.ActiveCfg = Debug|Any CPU
		{BEDE6B79-5147-4258-A350-13552B7C30E0}.Debug|x86.Build.0 = Debug|Any CPU
		{BEDE6B79-5147-4258-A350-13552B7C30E0}.Release|Any CPU.ActiveCfg = Release|Any CPU
		{BEDE6B79-5147-4258-A350-13552B7C30E0}.Release|Any CPU.Build.0 = Release|Any CPU
		{BEDE6B79-5147-4258-A350-13552B7C30E0}.Release|x64.ActiveCfg = Release|Any CPU
		{BEDE6B79-5147-4258-A350-13552B7C30E0}.Release|x64.Build.0 = Release|Any CPU
		{BEDE6B79-5147-4258-A350-13552B7C30E0}.Release|x86.ActiveCfg = Release|Any CPU
		{BEDE6B79-5147-4258-A350-13552B7C30E0}.Release|x86.Build.0 = Release|Any CPU
		{7E9131B1-800F-4759-8B98-514DDBDFA9A3}.Debug|Any CPU.ActiveCfg = Debug|Any CPU
		{7E9131B1-800F-4759-8B98-514DDBDFA9A3}.Debug|Any CPU.Build.0 = Debug|Any CPU
		{7E9131B1-800F-4759-8B98-514DDBDFA9A3}.Debug|x64.ActiveCfg = Debug|Any CPU
		{7E9131B1-800F-4759-8B98-514DDBDFA9A3}.Debug|x64.Build.0 = Debug|Any CPU
		{7E9131B1-800F-4759-8B98-514DDBDFA9A3}.Debug|x86.ActiveCfg = Debug|Any CPU
		{7E9131B1-800F-4759-8B98-514DDBDFA9A3}.Debug|x86.Build.0 = Debug|Any CPU
		{7E9131B1-800F-4759-8B98-514DDBDFA9A3}.Release|Any CPU.ActiveCfg = Release|Any CPU
		{7E9131B1-800F-4759-8B98-514DDBDFA9A3}.Release|Any CPU.Build.0 = Release|Any CPU
		{7E9131B1-800F-4759-8B98-514DDBDFA9A3}.Release|x64.ActiveCfg = Release|Any CPU
		{7E9131B1-800F-4759-8B98-514DDBDFA9A3}.Release|x64.Build.0 = Release|Any CPU
		{7E9131B1-800F-4759-8B98-514DDBDFA9A3}.Release|x86.ActiveCfg = Release|Any CPU
		{7E9131B1-800F-4759-8B98-514DDBDFA9A3}.Release|x86.Build.0 = Release|Any CPU
	EndGlobalSection
	GlobalSection(SolutionProperties) = preSolution
		HideSolutionNode = FALSE
	EndGlobalSection
	GlobalSection(NestedProjects) = preSolution
		{FFDAEC16-201B-48B9-A665-4EAF9A6BF3D7} = {827E0CD3-B72D-47B6-A68D-7590B98EB39B}
		{66B3BBF8-B94F-46C1-895C-A9F1EB84D44A} = {827E0CD3-B72D-47B6-A68D-7590B98EB39B}
		{BEDE6B79-5147-4258-A350-13552B7C30E0} = {827E0CD3-B72D-47B6-A68D-7590B98EB39B}
		{7E9131B1-800F-4759-8B98-514DDBDFA9A3} = {0AB3BF05-4346-4AA6-1389-037BE0695223}
	EndGlobalSection
EndGlobal
